
Microsoft Visual Studio Solution File, Format Version 12.00
# Visual Studio 2012
Project("{FAE04EC0-301F-11D3-BF4B-00C04F79EFBC}") = "Core", "Core\Core.csproj", "{B59EAA21-D1F5-4A20-8ED5-09539DB9DF93}"
EndProject
Project("{FAE04EC0-301F-11D3-BF4B-00C04F79EFBC}") = "Core.UnitTests", "Core.UnitTests\Core.UnitTests.csproj", "{0B1AD414-BA28-4E0E-ADFE-3F541A1B46F7}"
EndProject
Project("{2150E333-8FDC-42A3-9474-1A3956D46DE8}") = ".nuget", ".nuget", "{F7019135-C779-44E8-9678-794DF91E0FA7}"
	ProjectSection(SolutionItems) = preProject
		.nuget\packages.config = .nuget\packages.config
	EndProjectSection
EndProject
Global
	GlobalSection(SolutionConfigurationPlatforms) = preSolution
		Debug|Any CPU = Debug|Any CPU
		Release|Any CPU = Release|Any CPU
	EndGlobalSection
	GlobalSection(ProjectConfigurationPlatforms) = postSolution
		{B59EAA21-D1F5-4A20-8ED5-09539DB9DF93}.Debug|Any CPU.ActiveCfg = Debug|Any CPU
		{B59EAA21-D1F5-4A20-8ED5-09539DB9DF93}.Debug|Any CPU.Build.0 = Debug|Any CPU
		{B59EAA21-D1F5-4A20-8ED5-09539DB9DF93}.Release|Any CPU.ActiveCfg = Release|Any CPU
		{B59EAA21-D1F5-4A20-8ED5-09539DB9DF93}.Release|Any CPU.Build.0 = Release|Any CPU
		{0B1AD414-BA28-4E0E-ADFE-3F541A1B46F7}.Debug|Any CPU.ActiveCfg = Debug|Any CPU
		{0B1AD414-BA28-4E0E-ADFE-3F541A1B46F7}.Debug|Any CPU.Build.0 = Debug|Any CPU
		{0B1AD414-BA28-4E0E-ADFE-3F541A1B46F7}.Release|Any CPU.ActiveCfg = Release|Any CPU
		{0B1AD414-BA28-4E0E-ADFE-3F541A1B46F7}.Release|Any CPU.Build.0 = Release|Any CPU
	EndGlobalSection
	GlobalSection(SolutionProperties) = preSolution
		HideSolutionNode = FALSE
	EndGlobalSection
EndGlobal
